// !$*UTF8*$!
{
	archiveVersion = 1;
	classes = {
	};
	objectVersion = 46;
	objects = {

/* Begin PBXBuildFile section */
		0718916716E6390300A156BE /* QWUserManager.m in Sources */ = {isa = PBXBuildFile; fileRef = 0718916616E6390300A156BE /* QWUserManager.m */; };
		0718916916E639B000A156BE /* Twitter.framework in Frameworks */ = {isa = PBXBuildFile; fileRef = 0718916816E639B000A156BE /* Twitter.framework */; };
		0718916B16E6C57400A156BE /* Social.framework in Frameworks */ = {isa = PBXBuildFile; fileRef = 0718916A16E6C57400A156BE /* Social.framework */; };
		0718916E16E6CF3200A156BE /* QWAccount.m in Sources */ = {isa = PBXBuildFile; fileRef = 0718916D16E6CF3200A156BE /* QWAccount.m */; };
		073D3A0A173F9EDC0051DAFB /* Qwi.xcdatamodeld in Sources */ = {isa = PBXBuildFile; fileRef = 073D3A08173F9EDB0051DAFB /* Qwi.xcdatamodeld */; };
		07F4F8F1178AEC740075EE62 /* _QWTweet.m in Sources */ = {isa = PBXBuildFile; fileRef = 07F4F8EA178AEC740075EE62 /* _QWTweet.m */; };
		07F4F8F2178AEC740075EE62 /* _QWUser.m in Sources */ = {isa = PBXBuildFile; fileRef = 07F4F8EC178AEC740075EE62 /* _QWUser.m */; };
		07F4F8F3178AEC740075EE62 /* QWTweet.m in Sources */ = {isa = PBXBuildFile; fileRef = 07F4F8EE178AEC740075EE62 /* QWTweet.m */; };
		07F4F8F4178AEC740075EE62 /* QWUser.m in Sources */ = {isa = PBXBuildFile; fileRef = 07F4F8F0178AEC740075EE62 /* QWUser.m */; };
		07FD923116E61A7900688022 /* UIKit.framework in Frameworks */ = {isa = PBXBuildFile; fileRef = 07FD923016E61A7900688022 /* UIKit.framework */; };
		07FD923316E61A7900688022 /* Foundation.framework in Frameworks */ = {isa = PBXBuildFile; fileRef = 07FD923216E61A7900688022 /* Foundation.framework */; };
		07FD923516E61A7900688022 /* CoreGraphics.framework in Frameworks */ = {isa = PBXBuildFile; fileRef = 07FD923416E61A7900688022 /* CoreGraphics.framework */; };
		07FD923B16E61A7900688022 /* InfoPlist.strings in Resources */ = {isa = PBXBuildFile; fileRef = 07FD923916E61A7900688022 /* InfoPlist.strings */; };
		07FD923D16E61A7900688022 /* main.m in Sources */ = {isa = PBXBuildFile; fileRef = 07FD923C16E61A7900688022 /* main.m */; };
		07FD924116E61A7900688022 /* QWAppDelegate.m in Sources */ = {isa = PBXBuildFile; fileRef = 07FD924016E61A7900688022 /* QWAppDelegate.m */; };
		07FD924316E61A7900688022 /* Default.png in Resources */ = {isa = PBXBuildFile; fileRef = 07FD924216E61A7900688022 /* Default.png */; };
		07FD924516E61A7900688022 /* Default@2x.png in Resources */ = {isa = PBXBuildFile; fileRef = 07FD924416E61A7900688022 /* Default@2x.png */; };
		07FD924716E61A7A00688022 /* Default-568h@2x.png in Resources */ = {isa = PBXBuildFile; fileRef = 07FD924616E61A7A00688022 /* Default-568h@2x.png */; };
		07FD924A16E61A7A00688022 /* MainStoryboard_iPhone.storyboard in Resources */ = {isa = PBXBuildFile; fileRef = 07FD924816E61A7A00688022 /* MainStoryboard_iPhone.storyboard */; };
		07FD924D16E61A7A00688022 /* MainStoryboard_iPad.storyboard in Resources */ = {isa = PBXBuildFile; fileRef = 07FD924B16E61A7A00688022 /* MainStoryboard_iPad.storyboard */; };
		07FD925016E61A7A00688022 /* QWViewController.m in Sources */ = {isa = PBXBuildFile; fileRef = 07FD924F16E61A7A00688022 /* QWViewController.m */; };
		07FD925916E61C9C00688022 /* QWAccountManagerViewController.m in Sources */ = {isa = PBXBuildFile; fileRef = 07FD925816E61C9C00688022 /* QWAccountManagerViewController.m */; };
		07FD925B16E621BC00688022 /* Accounts.framework in Frameworks */ = {isa = PBXBuildFile; fileRef = 07FD925A16E621BC00688022 /* Accounts.framework */; };
		1AB892553DE7D9FC79D72E98 /* CoreData.framework in Frameworks */ = {isa = PBXBuildFile; fileRef = 1AB89219F9A6A0B4BF0190AA /* CoreData.framework */; };
		1AB894F265DDBC22A15AE27E /* QWQuiz.m in Sources */ = {isa = PBXBuildFile; fileRef = 1AB89953A8DD337E3ACCBB88 /* QWQuiz.m */; };
		1AB8950D45AC2FAE1526F658 /* QWQuizViewController.m in Sources */ = {isa = PBXBuildFile; fileRef = 1AB8980E1C4D6AF592181046 /* QWQuizViewController.m */; };
		1AB89AB98E14686736D4EA6F /* QWWelcomeViewController.m in Sources */ = {isa = PBXBuildFile; fileRef = 1AB89437B3C38EAB63349858 /* QWWelcomeViewController.m */; };
		1AB89DD072BBADE8548A7027 /* QWSelectQuiz.m in Sources */ = {isa = PBXBuildFile; fileRef = 1AB895920F70C0DAEBEE8759 /* QWSelectQuiz.m */; };
		1AB89F8BF916401900129CD1 /* QWGame.m in Sources */ = {isa = PBXBuildFile; fileRef = 1AB89D366F00FBA75CD537F1 /* QWGame.m */; };
		1AB89FC4BBD4C7ABF6226159 /* QWAccountManager.m in Sources */ = {isa = PBXBuildFile; fileRef = 1AB894CD30BD941324C059C3 /* QWAccountManager.m */; };
		B89BA06450854709BA8B3266 /* libPods.a in Frameworks */ = {isa = PBXBuildFile; fileRef = D09E824178C5428D96534543 /* libPods.a */; };
/* End PBXBuildFile section */

/* Begin PBXFileReference section */
		0718916516E6390300A156BE /* QWUserManager.h */ = {isa = PBXFileReference; fileEncoding = 4; lastKnownFileType = sourcecode.c.h; name = QWUserManager.h; path = Manager/QWUserManager.h; sourceTree = "<group>"; };
		0718916616E6390300A156BE /* QWUserManager.m */ = {isa = PBXFileReference; fileEncoding = 4; lastKnownFileType = sourcecode.c.objc; name = QWUserManager.m; path = Manager/QWUserManager.m; sourceTree = "<group>"; };
		0718916816E639B000A156BE /* Twitter.framework */ = {isa = PBXFileReference; lastKnownFileType = wrapper.framework; name = Twitter.framework; path = System/Library/Frameworks/Twitter.framework; sourceTree = SDKROOT; };
		0718916A16E6C57400A156BE /* Social.framework */ = {isa = PBXFileReference; lastKnownFileType = wrapper.framework; name = Social.framework; path = System/Library/Frameworks/Social.framework; sourceTree = SDKROOT; };
		0718916C16E6CF3200A156BE /* QWAccount.h */ = {isa = PBXFileReference; fileEncoding = 4; lastKnownFileType = sourcecode.c.h; name = QWAccount.h; path = Model/QWAccount.h; sourceTree = "<group>"; };
		0718916D16E6CF3200A156BE /* QWAccount.m */ = {isa = PBXFileReference; fileEncoding = 4; lastKnownFileType = sourcecode.c.objc; name = QWAccount.m; path = Model/QWAccount.m; sourceTree = "<group>"; };
		073D3A09173F9EDC0051DAFB /* Qwi.xcdatamodel */ = {isa = PBXFileReference; lastKnownFileType = wrapper.xcdatamodel; path = Qwi.xcdatamodel; sourceTree = "<group>"; };
		07F4F8E9178AEC730075EE62 /* _QWTweet.h */ = {isa = PBXFileReference; fileEncoding = 4; lastKnownFileType = sourcecode.c.h; name = _QWTweet.h; path = Model/_QWTweet.h; sourceTree = "<group>"; };
		07F4F8EA178AEC740075EE62 /* _QWTweet.m */ = {isa = PBXFileReference; fileEncoding = 4; lastKnownFileType = sourcecode.c.objc; name = _QWTweet.m; path = Model/_QWTweet.m; sourceTree = "<group>"; };
		07F4F8EB178AEC740075EE62 /* _QWUser.h */ = {isa = PBXFileReference; fileEncoding = 4; lastKnownFileType = sourcecode.c.h; name = _QWUser.h; path = Model/_QWUser.h; sourceTree = "<group>"; };
		07F4F8EC178AEC740075EE62 /* _QWUser.m */ = {isa = PBXFileReference; fileEncoding = 4; lastKnownFileType = sourcecode.c.objc; name = _QWUser.m; path = Model/_QWUser.m; sourceTree = "<group>"; };
		07F4F8ED178AEC740075EE62 /* QWTweet.h */ = {isa = PBXFileReference; fileEncoding = 4; lastKnownFileType = sourcecode.c.h; name = QWTweet.h; path = Model/QWTweet.h; sourceTree = "<group>"; };
		07F4F8EE178AEC740075EE62 /* QWTweet.m */ = {isa = PBXFileReference; fileEncoding = 4; lastKnownFileType = sourcecode.c.objc; name = QWTweet.m; path = Model/QWTweet.m; sourceTree = "<group>"; };
		07F4F8EF178AEC740075EE62 /* QWUser.h */ = {isa = PBXFileReference; fileEncoding = 4; lastKnownFileType = sourcecode.c.h; name = QWUser.h; path = Model/QWUser.h; sourceTree = "<group>"; };
		07F4F8F0178AEC740075EE62 /* QWUser.m */ = {isa = PBXFileReference; fileEncoding = 4; lastKnownFileType = sourcecode.c.objc; name = QWUser.m; path = Model/QWUser.m; sourceTree = "<group>"; };
		07FD922D16E61A7900688022 /* Qwi.app */ = {isa = PBXFileReference; explicitFileType = wrapper.application; includeInIndex = 0; path = Qwi.app; sourceTree = BUILT_PRODUCTS_DIR; };
		07FD923016E61A7900688022 /* UIKit.framework */ = {isa = PBXFileReference; lastKnownFileType = wrapper.framework; name = UIKit.framework; path = System/Library/Frameworks/UIKit.framework; sourceTree = SDKROOT; };
		07FD923216E61A7900688022 /* Foundation.framework */ = {isa = PBXFileReference; lastKnownFileType = wrapper.framework; name = Foundation.framework; path = System/Library/Frameworks/Foundation.framework; sourceTree = SDKROOT; };
		07FD923416E61A7900688022 /* CoreGraphics.framework */ = {isa = PBXFileReference; lastKnownFileType = wrapper.framework; name = CoreGraphics.framework; path = System/Library/Frameworks/CoreGraphics.framework; sourceTree = SDKROOT; };
		07FD923816E61A7900688022 /* Qwi-Info.plist */ = {isa = PBXFileReference; lastKnownFileType = text.plist.xml; path = "Qwi-Info.plist"; sourceTree = "<group>"; };
		07FD923A16E61A7900688022 /* en */ = {isa = PBXFileReference; lastKnownFileType = text.plist.strings; name = en; path = en.lproj/InfoPlist.strings; sourceTree = "<group>"; };
		07FD923C16E61A7900688022 /* main.m */ = {isa = PBXFileReference; lastKnownFileType = sourcecode.c.objc; path = main.m; sourceTree = "<group>"; };
		07FD923E16E61A7900688022 /* Qwi-Prefix.pch */ = {isa = PBXFileReference; lastKnownFileType = sourcecode.c.h; path = "Qwi-Prefix.pch"; sourceTree = "<group>"; };
		07FD923F16E61A7900688022 /* QWAppDelegate.h */ = {isa = PBXFileReference; lastKnownFileType = sourcecode.c.h; path = QWAppDelegate.h; sourceTree = "<group>"; };
		07FD924016E61A7900688022 /* QWAppDelegate.m */ = {isa = PBXFileReference; lastKnownFileType = sourcecode.c.objc; path = QWAppDelegate.m; sourceTree = "<group>"; };
		07FD924216E61A7900688022 /* Default.png */ = {isa = PBXFileReference; lastKnownFileType = image.png; path = Default.png; sourceTree = "<group>"; };
		07FD924416E61A7900688022 /* Default@2x.png */ = {isa = PBXFileReference; lastKnownFileType = image.png; path = "Default@2x.png"; sourceTree = "<group>"; };
		07FD924616E61A7A00688022 /* Default-568h@2x.png */ = {isa = PBXFileReference; lastKnownFileType = image.png; path = "Default-568h@2x.png"; sourceTree = "<group>"; };
		07FD924916E61A7A00688022 /* en */ = {isa = PBXFileReference; lastKnownFileType = file.storyboard; name = en; path = en.lproj/MainStoryboard_iPhone.storyboard; sourceTree = "<group>"; };
		07FD924C16E61A7A00688022 /* en */ = {isa = PBXFileReference; lastKnownFileType = file.storyboard; name = en; path = en.lproj/MainStoryboard_iPad.storyboard; sourceTree = "<group>"; };
		07FD924E16E61A7A00688022 /* QWViewController.h */ = {isa = PBXFileReference; lastKnownFileType = sourcecode.c.h; path = QWViewController.h; sourceTree = "<group>"; };
		07FD924F16E61A7A00688022 /* QWViewController.m */ = {isa = PBXFileReference; lastKnownFileType = sourcecode.c.objc; path = QWViewController.m; sourceTree = "<group>"; };
		07FD925716E61C9C00688022 /* QWAccountManagerViewController.h */ = {isa = PBXFileReference; fileEncoding = 4; lastKnownFileType = sourcecode.c.h; name = QWAccountManagerViewController.h; path = ViewController/QWAccountManagerViewController.h; sourceTree = "<group>"; };
		07FD925816E61C9C00688022 /* QWAccountManagerViewController.m */ = {isa = PBXFileReference; fileEncoding = 4; lastKnownFileType = sourcecode.c.objc; name = QWAccountManagerViewController.m; path = ViewController/QWAccountManagerViewController.m; sourceTree = "<group>"; };
		07FD925A16E621BC00688022 /* Accounts.framework */ = {isa = PBXFileReference; lastKnownFileType = wrapper.framework; name = Accounts.framework; path = System/Library/Frameworks/Accounts.framework; sourceTree = SDKROOT; };
		1AB89219F9A6A0B4BF0190AA /* CoreData.framework */ = {isa = PBXFileReference; lastKnownFileType = wrapper.framework; name = CoreData.framework; path = System/Library/Frameworks/CoreData.framework; sourceTree = SDKROOT; };
		1AB89437B3C38EAB63349858 /* QWWelcomeViewController.m */ = {isa = PBXFileReference; fileEncoding = 4; lastKnownFileType = sourcecode.c.objc; path = QWWelcomeViewController.m; sourceTree = "<group>"; };
		1AB89482938E312F148E14FF /* QWWelcomeViewController.h */ = {isa = PBXFileReference; fileEncoding = 4; lastKnownFileType = sourcecode.c.h; path = QWWelcomeViewController.h; sourceTree = "<group>"; };
		1AB894CD30BD941324C059C3 /* QWAccountManager.m */ = {isa = PBXFileReference; fileEncoding = 4; lastKnownFileType = sourcecode.c.objc; path = QWAccountManager.m; sourceTree = "<group>"; };
		1AB894F9053BF80BF7646920 /* QWSelectQuiz.h */ = {isa = PBXFileReference; fileEncoding = 4; lastKnownFileType = sourcecode.c.h; path = QWSelectQuiz.h; sourceTree = "<group>"; };
		1AB895920F70C0DAEBEE8759 /* QWSelectQuiz.m */ = {isa = PBXFileReference; fileEncoding = 4; lastKnownFileType = sourcecode.c.objc; path = QWSelectQuiz.m; sourceTree = "<group>"; };
		1AB8969D36328995632BEE9F /* QWGame.h */ = {isa = PBXFileReference; fileEncoding = 4; lastKnownFileType = sourcecode.c.h; path = QWGame.h; sourceTree = "<group>"; };
		1AB8980E1C4D6AF592181046 /* QWQuizViewController.m */ = {isa = PBXFileReference; fileEncoding = 4; lastKnownFileType = sourcecode.c.objc; path = QWQuizViewController.m; sourceTree = "<group>"; };
		1AB898456C0672A5BB0B63AD /* QWQuizViewController.h */ = {isa = PBXFileReference; fileEncoding = 4; lastKnownFileType = sourcecode.c.h; path = QWQuizViewController.h; sourceTree = "<group>"; };
		1AB8989EA619A1F8175E5D91 /* QWAccountManager.h */ = {isa = PBXFileReference; fileEncoding = 4; lastKnownFileType = sourcecode.c.h; path = QWAccountManager.h; sourceTree = "<group>"; };
		1AB898EDC73CDD5D581E40AE /* QWQuiz.h */ = {isa = PBXFileReference; fileEncoding = 4; lastKnownFileType = sourcecode.c.h; path = QWQuiz.h; sourceTree = "<group>"; };
		1AB89953A8DD337E3ACCBB88 /* QWQuiz.m */ = {isa = PBXFileReference; fileEncoding = 4; lastKnownFileType = sourcecode.c.objc; path = QWQuiz.m; sourceTree = "<group>"; };
		1AB89D366F00FBA75CD537F1 /* QWGame.m */ = {isa = PBXFileReference; fileEncoding = 4; lastKnownFileType = sourcecode.c.objc; path = QWGame.m; sourceTree = "<group>"; };
		AFF396E4896D41888D75CB33 /* Pods.xcconfig */ = {isa = PBXFileReference; includeInIndex = 1; lastKnownFileType = text.xcconfig; name = Pods.xcconfig; path = Pods/Pods.xcconfig; sourceTree = SOURCE_ROOT; };
		D09E824178C5428D96534543 /* libPods.a */ = {isa = PBXFileReference; explicitFileType = archive.ar; includeInIndex = 0; path = libPods.a; sourceTree = BUILT_PRODUCTS_DIR; };
/* End PBXFileReference section */

/* Begin PBXFrameworksBuildPhase section */
		07FD922A16E61A7900688022 /* Frameworks */ = {
			isa = PBXFrameworksBuildPhase;
			buildActionMask = 2147483647;
			files = (
				0718916B16E6C57400A156BE /* Social.framework in Frameworks */,
				0718916916E639B000A156BE /* Twitter.framework in Frameworks */,
				07FD925B16E621BC00688022 /* Accounts.framework in Frameworks */,
				07FD923116E61A7900688022 /* UIKit.framework in Frameworks */,
				07FD923316E61A7900688022 /* Foundation.framework in Frameworks */,
				07FD923516E61A7900688022 /* CoreGraphics.framework in Frameworks */,
				B89BA06450854709BA8B3266 /* libPods.a in Frameworks */,
				1AB892553DE7D9FC79D72E98 /* CoreData.framework in Frameworks */,
			);
			runOnlyForDeploymentPostprocessing = 0;
		};
/* End PBXFrameworksBuildPhase section */

/* Begin PBXGroup section */
		0718916416E638E400A156BE /* Manager */ = {
			isa = PBXGroup;
			children = (
				0718916516E6390300A156BE /* QWUserManager.h */,
				0718916616E6390300A156BE /* QWUserManager.m */,
				1AB894CD30BD941324C059C3 /* QWAccountManager.m */,
				1AB8989EA619A1F8175E5D91 /* QWAccountManager.h */,
			);
			name = Manager;
			sourceTree = "<group>";
		};
		07FD922416E61A7900688022 = {
			isa = PBXGroup;
			children = (
				07FD923616E61A7900688022 /* Qwi */,
				07FD922F16E61A7900688022 /* Frameworks */,
				07FD922E16E61A7900688022 /* Products */,
				AFF396E4896D41888D75CB33 /* Pods.xcconfig */,
			);
			sourceTree = "<group>";
		};
		07FD922E16E61A7900688022 /* Products */ = {
			isa = PBXGroup;
			children = (
				07FD922D16E61A7900688022 /* Qwi.app */,
			);
			name = Products;
			sourceTree = "<group>";
		};
		07FD922F16E61A7900688022 /* Frameworks */ = {
			isa = PBXGroup;
			children = (
				0718916A16E6C57400A156BE /* Social.framework */,
				0718916816E639B000A156BE /* Twitter.framework */,
				07FD923016E61A7900688022 /* UIKit.framework */,
				07FD923216E61A7900688022 /* Foundation.framework */,
				07FD923416E61A7900688022 /* CoreGraphics.framework */,
				D09E824178C5428D96534543 /* libPods.a */,
				1AB89219F9A6A0B4BF0190AA /* CoreData.framework */,
			);
			name = Frameworks;
			sourceTree = "<group>";
		};
		07FD923616E61A7900688022 /* Qwi */ = {
			isa = PBXGroup;
			children = (
				0718916416E638E400A156BE /* Manager */,
				07FD925C16E62AC600688022 /* Model */,
				07FD925616E61C6D00688022 /* ViewController */,
				07FD923F16E61A7900688022 /* QWAppDelegate.h */,
				07FD924016E61A7900688022 /* QWAppDelegate.m */,
				07FD924816E61A7A00688022 /* MainStoryboard_iPhone.storyboard */,
				07FD924B16E61A7A00688022 /* MainStoryboard_iPad.storyboard */,
				07FD924E16E61A7A00688022 /* QWViewController.h */,
				07FD924F16E61A7A00688022 /* QWViewController.m */,
				07FD923716E61A7900688022 /* Supporting Files */,
				073D3A08173F9EDB0051DAFB /* Qwi.xcdatamodeld */,
			);
			path = Qwi;
			sourceTree = "<group>";
		};
		07FD923716E61A7900688022 /* Supporting Files */ = {
			isa = PBXGroup;
			children = (
				07FD925A16E621BC00688022 /* Accounts.framework */,
				07FD923816E61A7900688022 /* Qwi-Info.plist */,
				07FD923916E61A7900688022 /* InfoPlist.strings */,
				07FD923C16E61A7900688022 /* main.m */,
				07FD923E16E61A7900688022 /* Qwi-Prefix.pch */,
				07FD924216E61A7900688022 /* Default.png */,
				07FD924416E61A7900688022 /* Default@2x.png */,
				07FD924616E61A7A00688022 /* Default-568h@2x.png */,
			);
			name = "Supporting Files";
			sourceTree = "<group>";
		};
		07FD925616E61C6D00688022 /* ViewController */ = {
			isa = PBXGroup;
			children = (
				07FD925716E61C9C00688022 /* QWAccountManagerViewController.h */,
				07FD925816E61C9C00688022 /* QWAccountManagerViewController.m */,
				1AB898456C0672A5BB0B63AD /* QWQuizViewController.h */,
				1AB8980E1C4D6AF592181046 /* QWQuizViewController.m */,
				1AB89482938E312F148E14FF /* QWWelcomeViewController.h */,
				1AB89437B3C38EAB63349858 /* QWWelcomeViewController.m */,
			);
			name = ViewController;
			sourceTree = "<group>";
		};
		07FD925C16E62AC600688022 /* Model */ = {
			isa = PBXGroup;
			children = (
				0718916C16E6CF3200A156BE /* QWAccount.h */,
				0718916D16E6CF3200A156BE /* QWAccount.m */,
				1AB89D366F00FBA75CD537F1 /* QWGame.m */,
				1AB8969D36328995632BEE9F /* QWGame.h */,
				1AB89953A8DD337E3ACCBB88 /* QWQuiz.m */,
				1AB898EDC73CDD5D581E40AE /* QWQuiz.h */,
				1AB895920F70C0DAEBEE8759 /* QWSelectQuiz.m */,
				1AB894F9053BF80BF7646920 /* QWSelectQuiz.h */,
				07F4F8E9178AEC730075EE62 /* _QWTweet.h */,
				07F4F8EA178AEC740075EE62 /* _QWTweet.m */,
				07F4F8EB178AEC740075EE62 /* _QWUser.h */,
				07F4F8EC178AEC740075EE62 /* _QWUser.m */,
				07F4F8ED178AEC740075EE62 /* QWTweet.h */,
				07F4F8EE178AEC740075EE62 /* QWTweet.m */,
				07F4F8EF178AEC740075EE62 /* QWUser.h */,
				07F4F8F0178AEC740075EE62 /* QWUser.m */,
			);
			name = Model;
			sourceTree = "<group>";
		};
/* End PBXGroup section */

/* Begin PBXNativeTarget section */
		07FD922C16E61A7900688022 /* Qwi */ = {
			isa = PBXNativeTarget;
			buildConfigurationList = 07FD925316E61A7A00688022 /* Build configuration list for PBXNativeTarget "Qwi" */;
			buildPhases = (
				07FD922916E61A7900688022 /* Sources */,
				07FD922A16E61A7900688022 /* Frameworks */,
				07FD922B16E61A7900688022 /* Resources */,
				0E67F633C0B142B9A1B19855 /* Copy Pods Resources */,
			);
			buildRules = (
			);
			dependencies = (
			);
			name = Qwi;
			productName = Qwi;
			productReference = 07FD922D16E61A7900688022 /* Qwi.app */;
			productType = "com.apple.product-type.application";
		};
/* End PBXNativeTarget section */

/* Begin PBXProject section */
		07FD922516E61A7900688022 /* Project object */ = {
			isa = PBXProject;
			attributes = {
				CLASSPREFIX = QW;
				LastUpgradeCheck = 0460;
				ORGANIZATIONNAME = giginet;
			};
			buildConfigurationList = 07FD922816E61A7900688022 /* Build configuration list for PBXProject "Qwi" */;
			compatibilityVersion = "Xcode 3.2";
			developmentRegion = English;
			hasScannedForEncodings = 0;
			knownRegions = (
				en,
			);
			mainGroup = 07FD922416E61A7900688022;
			productRefGroup = 07FD922E16E61A7900688022 /* Products */;
			projectDirPath = "";
			projectRoot = "";
			targets = (
				07FD922C16E61A7900688022 /* Qwi */,
			);
		};
/* End PBXProject section */

/* Begin PBXResourcesBuildPhase section */
		07FD922B16E61A7900688022 /* Resources */ = {
			isa = PBXResourcesBuildPhase;
			buildActionMask = 2147483647;
			files = (
				07FD923B16E61A7900688022 /* InfoPlist.strings in Resources */,
				07FD924316E61A7900688022 /* Default.png in Resources */,
				07FD924516E61A7900688022 /* Default@2x.png in Resources */,
				07FD924716E61A7A00688022 /* Default-568h@2x.png in Resources */,
				07FD924A16E61A7A00688022 /* MainStoryboard_iPhone.storyboard in Resources */,
				07FD924D16E61A7A00688022 /* MainStoryboard_iPad.storyboard in Resources */,
			);
			runOnlyForDeploymentPostprocessing = 0;
		};
/* End PBXResourcesBuildPhase section */

/* Begin PBXShellScriptBuildPhase section */
		0E67F633C0B142B9A1B19855 /* Copy Pods Resources */ = {
			isa = PBXShellScriptBuildPhase;
			buildActionMask = 2147483647;
			files = (
			);
			inputPaths = (
			);
			name = "Copy Pods Resources";
			outputPaths = (
			);
			runOnlyForDeploymentPostprocessing = 0;
			shellPath = /bin/sh;
			shellScript = "\"${SRCROOT}/Pods/Pods-resources.sh\"\n";
		};
/* End PBXShellScriptBuildPhase section */

/* Begin PBXSourcesBuildPhase section */
		07FD922916E61A7900688022 /* Sources */ = {
			isa = PBXSourcesBuildPhase;
			buildActionMask = 2147483647;
			files = (
				07FD923D16E61A7900688022 /* main.m in Sources */,
				07FD924116E61A7900688022 /* QWAppDelegate.m in Sources */,
				07FD925016E61A7A00688022 /* QWViewController.m in Sources */,
				07FD925916E61C9C00688022 /* QWAccountManagerViewController.m in Sources */,
				0718916716E6390300A156BE /* QWUserManager.m in Sources */,
				0718916E16E6CF3200A156BE /* QWAccount.m in Sources */,
				1AB89FC4BBD4C7ABF6226159 /* QWAccountManager.m in Sources */,
				073D3A0A173F9EDC0051DAFB /* Qwi.xcdatamodeld in Sources */,
				1AB89F8BF916401900129CD1 /* QWGame.m in Sources */,
				1AB894F265DDBC22A15AE27E /* QWQuiz.m in Sources */,
				1AB8950D45AC2FAE1526F658 /* QWQuizViewController.m in Sources */,
				1AB89AB98E14686736D4EA6F /* QWWelcomeViewController.m in Sources */,
				1AB89DD072BBADE8548A7027 /* QWSelectQuiz.m in Sources */,
				07F4F8F1178AEC740075EE62 /* _QWTweet.m in Sources */,
				07F4F8F2178AEC740075EE62 /* _QWUser.m in Sources */,
				07F4F8F3178AEC740075EE62 /* QWTweet.m in Sources */,
				07F4F8F4178AEC740075EE62 /* QWUser.m in Sources */,
			);
			runOnlyForDeploymentPostprocessing = 0;
		};
/* End PBXSourcesBuildPhase section */

/* Begin PBXVariantGroup section */
		07FD923916E61A7900688022 /* InfoPlist.strings */ = {
			isa = PBXVariantGroup;
			children = (
				07FD923A16E61A7900688022 /* en */,
			);
			name = InfoPlist.strings;
			sourceTree = "<group>";
		};
		07FD924816E61A7A00688022 /* MainStoryboard_iPhone.storyboard */ = {
			isa = PBXVariantGroup;
			children = (
				07FD924916E61A7A00688022 /* en */,
			);
			name = MainStoryboard_iPhone.storyboard;
			sourceTree = "<group>";
		};
		07FD924B16E61A7A00688022 /* MainStoryboard_iPad.storyboard */ = {
			isa = PBXVariantGroup;
			children = (
				07FD924C16E61A7A00688022 /* en */,
			);
			name = MainStoryboard_iPad.storyboard;
			sourceTree = "<group>";
		};
/* End PBXVariantGroup section */

/* Begin XCBuildConfiguration section */
		07FD925116E61A7A00688022 /* Debug */ = {
			isa = XCBuildConfiguration;
			buildSettings = {
				ALWAYS_SEARCH_USER_PATHS = NO;
				CLANG_CXX_LANGUAGE_STANDARD = "gnu++0x";
				CLANG_CXX_LIBRARY = "libc++";
				CLANG_ENABLE_OBJC_ARC = YES;
				CLANG_WARN_CONSTANT_CONVERSION = YES;
				CLANG_WARN_EMPTY_BODY = YES;
				CLANG_WARN_ENUM_CONVERSION = YES;
				CLANG_WARN_INT_CONVERSION = YES;
				CLANG_WARN__DUPLICATE_METHOD_MATCH = YES;
				"CODE_SIGN_IDENTITY[sdk=iphoneos*]" = "iPhone Developer";
				COPY_PHASE_STRIP = NO;
				GCC_C_LANGUAGE_STANDARD = gnu99;
				GCC_DYNAMIC_NO_PIC = NO;
				GCC_OPTIMIZATION_LEVEL = 0;
				GCC_PREPROCESSOR_DEFINITIONS = (
					"DEBUG=1",
					"$(inherited)",
				);
				GCC_SYMBOLS_PRIVATE_EXTERN = NO;
				GCC_WARN_ABOUT_RETURN_TYPE = YES;
				GCC_WARN_UNINITIALIZED_AUTOS = YES;
				GCC_WARN_UNUSED_VARIABLE = YES;
				IPHONEOS_DEPLOYMENT_TARGET = 6.1;
				ONLY_ACTIVE_ARCH = YES;
				SDKROOT = iphoneos;
				TARGETED_DEVICE_FAMILY = "1,2";
			};
			name = Debug;
		};
		07FD925216E61A7A00688022 /* Release */ = {
			isa = XCBuildConfiguration;
			buildSettings = {
				ALWAYS_SEARCH_USER_PATHS = NO;
				CLANG_CXX_LANGUAGE_STANDARD = "gnu++0x";
				CLANG_CXX_LIBRARY = "libc++";
				CLANG_ENABLE_OBJC_ARC = YES;
				CLANG_WARN_CONSTANT_CONVERSION = YES;
				CLANG_WARN_EMPTY_BODY = YES;
				CLANG_WARN_ENUM_CONVERSION = YES;
				CLANG_WARN_INT_CONVERSION = YES;
				CLANG_WARN__DUPLICATE_METHOD_MATCH = YES;
				"CODE_SIGN_IDENTITY[sdk=iphoneos*]" = "iPhone Developer";
				COPY_PHASE_STRIP = YES;
				GCC_C_LANGUAGE_STANDARD = gnu99;
				GCC_WARN_ABOUT_RETURN_TYPE = YES;
				GCC_WARN_UNINITIALIZED_AUTOS = YES;
				GCC_WARN_UNUSED_VARIABLE = YES;
				IPHONEOS_DEPLOYMENT_TARGET = 6.1;
				OTHER_CFLAGS = "-DNS_BLOCK_ASSERTIONS=1";
				SDKROOT = iphoneos;
				TARGETED_DEVICE_FAMILY = "1,2";
				VALIDATE_PRODUCT = YES;
			};
			name = Release;
		};
		07FD925416E61A7A00688022 /* Debug */ = {
			isa = XCBuildConfiguration;
			baseConfigurationReference = AFF396E4896D41888D75CB33 /* Pods.xcconfig */;
			buildSettings = {
				GCC_PRECOMPILE_PREFIX_HEADER = YES;
				GCC_PREFIX_HEADER = "Qwi/Qwi-Prefix.pch";
				INFOPLIST_FILE = "Qwi/Qwi-Info.plist";
				PRODUCT_NAME = "$(TARGET_NAME)";
				TARGETED_DEVICE_FAMILY = 1;
				USER_HEADER_SEARCH_PATHS = "\"${PROJECT_DIR}/Pods\"/**";
				WRAPPER_EXTENSION = app;
			};
			name = Debug;
		};
		07FD925516E61A7A00688022 /* Release */ = {
			isa = XCBuildConfiguration;
			baseConfigurationReference = AFF396E4896D41888D75CB33 /* Pods.xcconfig */;
			buildSettings = {
				GCC_PRECOMPILE_PREFIX_HEADER = YES;
				GCC_PREFIX_HEADER = "Qwi/Qwi-Prefix.pch";
				INFOPLIST_FILE = "Qwi/Qwi-Info.plist";
				PRODUCT_NAME = "$(TARGET_NAME)";
				TARGETED_DEVICE_FAMILY = 1;
				USER_HEADER_SEARCH_PATHS = "\"${PROJECT_DIR}/Pods\"/**";
				WRAPPER_EXTENSION = app;
			};
			name = Release;
		};
/* End XCBuildConfiguration section */

/* Begin XCConfigurationList section */
		07FD922816E61A7900688022 /* Build configuration list for PBXProject "Qwi" */ = {
			isa = XCConfigurationList;
			buildConfigurations = (
				07FD925116E61A7A00688022 /* Debug */,
				07FD925216E61A7A00688022 /* Release */,
			);
			defaultConfigurationIsVisible = 0;
			defaultConfigurationName = Release;
		};
		07FD925316E61A7A00688022 /* Build configuration list for PBXNativeTarget "Qwi" */ = {
			isa = XCConfigurationList;
			buildConfigurations = (
				07FD925416E61A7A00688022 /* Debug */,
				07FD925516E61A7A00688022 /* Release */,
			);
			defaultConfigurationIsVisible = 0;
			defaultConfigurationName = Release;
		};
/* End XCConfigurationList section */

/* Begin XCVersionGroup section */
		073D3A08173F9EDB0051DAFB /* Qwi.xcdatamodeld */ = {
			isa = XCVersionGroup;
			children = (
				073D3A09173F9EDC0051DAFB /* Qwi.xcdatamodel */,
			);
			currentVersion = 073D3A09173F9EDC0051DAFB /* Qwi.xcdatamodel */;
			path = Qwi.xcdatamodeld;
			sourceTree = "<group>";
			versionGroupType = wrapper.xcdatamodel;
		};
/* End XCVersionGroup section */
	};
	rootObject = 07FD922516E61A7900688022 /* Project object */;
}
